// !$*UTF8*$!
{
	archiveVersion = 1;
	classes = {
	};
	objectVersion = 50;
	objects = {

/* Begin PBXBuildFile section */
		252238BE22287034005465F8 /* Star.swift in Sources */ = {isa = PBXBuildFile; fileRef = 252238BD22287034005465F8 /* Star.swift */; };
		253402A6222D77F400C18D17 /* Buttons.swift in Sources */ = {isa = PBXBuildFile; fileRef = 253402A5222D77F400C18D17 /* Buttons.swift */; };
		253402A9222D787A00C18D17 /* Colors.swift in Sources */ = {isa = PBXBuildFile; fileRef = 253402A8222D787A00C18D17 /* Colors.swift */; };
		25C6BAE5222B297400A65401 /* MediaViewController.swift in Sources */ = {isa = PBXBuildFile; fileRef = 25C6BAE4222B297400A65401 /* MediaViewController.swift */; };
		25C6BAE8222B2C6D00A65401 /* MediaTableViewCell.swift in Sources */ = {isa = PBXBuildFile; fileRef = 25C6BAE7222B2C6D00A65401 /* MediaTableViewCell.swift */; };
		25C6BAEC222B335700A65401 /* OnboardingViewController.swift in Sources */ = {isa = PBXBuildFile; fileRef = 25C6BAEB222B335700A65401 /* OnboardingViewController.swift */; };
		25D6634A222DE3F500053C9A /* ProgramViewController.swift in Sources */ = {isa = PBXBuildFile; fileRef = 25D66349222DE3F500053C9A /* ProgramViewController.swift */; };
		25DFF7FD22C10514007DE5DF /* WebKit.framework in Frameworks */ = {isa = PBXBuildFile; fileRef = 25DFF7FC22C10514007DE5DF /* WebKit.framework */; };
		33131F3121E7E548005DD5B8 /* Stars.swift in Sources */ = {isa = PBXBuildFile; fileRef = 33131F3021E7E548005DD5B8 /* Stars.swift */; };
		3396D3C721E7944300E5A057 /* AppDelegate.swift in Sources */ = {isa = PBXBuildFile; fileRef = 3396D3C621E7944300E5A057 /* AppDelegate.swift */; };
		3396D3CC21E7944300E5A057 /* Main.storyboard in Resources */ = {isa = PBXBuildFile; fileRef = 3396D3CA21E7944300E5A057 /* Main.storyboard */; };
		3396D3CF21E7944300E5A057 /* ShiningStars.xcdatamodeld in Sources */ = {isa = PBXBuildFile; fileRef = 3396D3CD21E7944300E5A057 /* ShiningStars.xcdatamodeld */; };
		3396D3D121E7944400E5A057 /* Assets.xcassets in Resources */ = {isa = PBXBuildFile; fileRef = 3396D3D021E7944400E5A057 /* Assets.xcassets */; };
		3396D3D421E7944400E5A057 /* LaunchScreen.storyboard in Resources */ = {isa = PBXBuildFile; fileRef = 3396D3D221E7944400E5A057 /* LaunchScreen.storyboard */; };
		3396D3DF21E7944400E5A057 /* ShiningStarsTests.swift in Sources */ = {isa = PBXBuildFile; fileRef = 3396D3DE21E7944400E5A057 /* ShiningStarsTests.swift */; };
		3396D3EA21E7944400E5A057 /* ShiningStarsUITests.swift in Sources */ = {isa = PBXBuildFile; fileRef = 3396D3E921E7944400E5A057 /* ShiningStarsUITests.swift */; };
		3396D3FA21E7961600E5A057 /* StarsViewController.swift in Sources */ = {isa = PBXBuildFile; fileRef = 3396D3F921E7961600E5A057 /* StarsViewController.swift */; };
		3396D40021E7978F00E5A057 /* AboutViewController.swift in Sources */ = {isa = PBXBuildFile; fileRef = 3396D3FF21E7978F00E5A057 /* AboutViewController.swift */; };
		3396D40421E7C20300E5A057 /* BlinkingLabel.swift in Sources */ = {isa = PBXBuildFile; fileRef = 3396D40321E7C20300E5A057 /* BlinkingLabel.swift */; };
		33E335FF21E8187C004711FD /* StarsTableViewCell.swift in Sources */ = {isa = PBXBuildFile; fileRef = 33E335FE21E8187C004711FD /* StarsTableViewCell.swift */; };
		33E3360121E822BF004711FD /* TableViewCellSpacer.swift in Sources */ = {isa = PBXBuildFile; fileRef = 33E3360021E822BF004711FD /* TableViewCellSpacer.swift */; };
		33FA782421E843FF000716E9 /* StarsDetailViewController.swift in Sources */ = {isa = PBXBuildFile; fileRef = 33FA782321E843FF000716E9 /* StarsDetailViewController.swift */; };
		374B530B785B23F1E804E0E9 /* Pods_ShiningStars.framework in Frameworks */ = {isa = PBXBuildFile; fileRef = CAC02583B1CEFA9F3055922B /* Pods_ShiningStars.framework */; };
		4D42DA15E489CBF34A7015EC /* Pods_ShiningStarsTests.framework in Frameworks */ = {isa = PBXBuildFile; fileRef = C8183FE5B4E8D5B4907A7DE4 /* Pods_ShiningStarsTests.framework */; };
		E900E8838E71A51944ABB036 /* Pods_ShiningStarsUITests.framework in Frameworks */ = {isa = PBXBuildFile; fileRef = ADC114476985A86075C4D800 /* Pods_ShiningStarsUITests.framework */; };
/* End PBXBuildFile section */

/* Begin PBXContainerItemProxy section */
		3396D3DB21E7944400E5A057 /* PBXContainerItemProxy */ = {
			isa = PBXContainerItemProxy;
			containerPortal = 3396D3BB21E7944300E5A057 /* Project object */;
			proxyType = 1;
			remoteGlobalIDString = 3396D3C221E7944300E5A057;
			remoteInfo = ShiningStars;
		};
		3396D3E621E7944400E5A057 /* PBXContainerItemProxy */ = {
			isa = PBXContainerItemProxy;
			containerPortal = 3396D3BB21E7944300E5A057 /* Project object */;
			proxyType = 1;
			remoteGlobalIDString = 3396D3C221E7944300E5A057;
			remoteInfo = ShiningStars;
		};
/* End PBXContainerItemProxy section */

/* Begin PBXFileReference section */
		093CF8753D1E9B1BDAE7F8AF /* Pods-ShiningStars.release.xcconfig */ = {isa = PBXFileReference; includeInIndex = 1; lastKnownFileType = text.xcconfig; name = "Pods-ShiningStars.release.xcconfig"; path = "Pods/Target Support Files/Pods-ShiningStars/Pods-ShiningStars.release.xcconfig"; sourceTree = "<group>"; };
		252238BD22287034005465F8 /* Star.swift */ = {isa = PBXFileReference; lastKnownFileType = sourcecode.swift; path = Star.swift; sourceTree = "<group>"; };
		253402A5222D77F400C18D17 /* Buttons.swift */ = {isa = PBXFileReference; lastKnownFileType = sourcecode.swift; path = Buttons.swift; sourceTree = "<group>"; };
		253402A8222D787A00C18D17 /* Colors.swift */ = {isa = PBXFileReference; lastKnownFileType = sourcecode.swift; path = Colors.swift; sourceTree = "<group>"; };
		25C6BAE4222B297400A65401 /* MediaViewController.swift */ = {isa = PBXFileReference; lastKnownFileType = sourcecode.swift; name = MediaViewController.swift; path = ShiningStars/Media/View/MediaViewController.swift; sourceTree = SOURCE_ROOT; };
		25C6BAE7222B2C6D00A65401 /* MediaTableViewCell.swift */ = {isa = PBXFileReference; lastKnownFileType = sourcecode.swift; path = MediaTableViewCell.swift; sourceTree = "<group>"; };
		25C6BAEB222B335700A65401 /* OnboardingViewController.swift */ = {isa = PBXFileReference; lastKnownFileType = sourcecode.swift; path = OnboardingViewController.swift; sourceTree = "<group>"; };
		25D66349222DE3F500053C9A /* ProgramViewController.swift */ = {isa = PBXFileReference; lastKnownFileType = sourcecode.swift; path = ProgramViewController.swift; sourceTree = "<group>"; };
		25DFF7FC22C10514007DE5DF /* WebKit.framework */ = {isa = PBXFileReference; lastKnownFileType = wrapper.framework; name = WebKit.framework; path = System/Library/Frameworks/WebKit.framework; sourceTree = SDKROOT; };
		2E4E68BE5257CC15AD71EE97 /* Pods-ShiningStarsUITests.debug.xcconfig */ = {isa = PBXFileReference; includeInIndex = 1; lastKnownFileType = text.xcconfig; name = "Pods-ShiningStarsUITests.debug.xcconfig"; path = "Pods/Target Support Files/Pods-ShiningStarsUITests/Pods-ShiningStarsUITests.debug.xcconfig"; sourceTree = "<group>"; };
		30C9A50D161E18924E41B970 /* Pods-ShiningStarsUITests.release.xcconfig */ = {isa = PBXFileReference; includeInIndex = 1; lastKnownFileType = text.xcconfig; name = "Pods-ShiningStarsUITests.release.xcconfig"; path = "Pods/Target Support Files/Pods-ShiningStarsUITests/Pods-ShiningStarsUITests.release.xcconfig"; sourceTree = "<group>"; };
		33131F3021E7E548005DD5B8 /* Stars.swift */ = {isa = PBXFileReference; lastKnownFileType = sourcecode.swift; path = Stars.swift; sourceTree = "<group>"; };
		3396D3C321E7944300E5A057 /* ShiningStars.app */ = {isa = PBXFileReference; explicitFileType = wrapper.application; includeInIndex = 0; path = ShiningStars.app; sourceTree = BUILT_PRODUCTS_DIR; };
		3396D3C621E7944300E5A057 /* AppDelegate.swift */ = {isa = PBXFileReference; lastKnownFileType = sourcecode.swift; path = AppDelegate.swift; sourceTree = "<group>"; };
		3396D3CB21E7944300E5A057 /* Base */ = {isa = PBXFileReference; lastKnownFileType = file.storyboard; name = Base; path = Base.lproj/Main.storyboard; sourceTree = "<group>"; };
		3396D3CE21E7944300E5A057 /* ShiningStars.xcdatamodel */ = {isa = PBXFileReference; lastKnownFileType = wrapper.xcdatamodel; path = ShiningStars.xcdatamodel; sourceTree = "<group>"; };
		3396D3D021E7944400E5A057 /* Assets.xcassets */ = {isa = PBXFileReference; lastKnownFileType = folder.assetcatalog; path = Assets.xcassets; sourceTree = "<group>"; };
		3396D3D321E7944400E5A057 /* Base */ = {isa = PBXFileReference; lastKnownFileType = file.storyboard; name = Base; path = Base.lproj/LaunchScreen.storyboard; sourceTree = "<group>"; };
		3396D3D521E7944400E5A057 /* Info.plist */ = {isa = PBXFileReference; lastKnownFileType = text.plist.xml; path = Info.plist; sourceTree = "<group>"; };
		3396D3DA21E7944400E5A057 /* ShiningStarsTests.xctest */ = {isa = PBXFileReference; explicitFileType = wrapper.cfbundle; includeInIndex = 0; path = ShiningStarsTests.xctest; sourceTree = BUILT_PRODUCTS_DIR; };
		3396D3DE21E7944400E5A057 /* ShiningStarsTests.swift */ = {isa = PBXFileReference; lastKnownFileType = sourcecode.swift; path = ShiningStarsTests.swift; sourceTree = "<group>"; };
		3396D3E021E7944400E5A057 /* Info.plist */ = {isa = PBXFileReference; lastKnownFileType = text.plist.xml; path = Info.plist; sourceTree = "<group>"; };
		3396D3E521E7944400E5A057 /* ShiningStarsUITests.xctest */ = {isa = PBXFileReference; explicitFileType = wrapper.cfbundle; includeInIndex = 0; path = ShiningStarsUITests.xctest; sourceTree = BUILT_PRODUCTS_DIR; };
		3396D3E921E7944400E5A057 /* ShiningStarsUITests.swift */ = {isa = PBXFileReference; lastKnownFileType = sourcecode.swift; path = ShiningStarsUITests.swift; sourceTree = "<group>"; };
		3396D3EB21E7944400E5A057 /* Info.plist */ = {isa = PBXFileReference; lastKnownFileType = text.plist.xml; path = Info.plist; sourceTree = "<group>"; };
		3396D3F921E7961600E5A057 /* StarsViewController.swift */ = {isa = PBXFileReference; lastKnownFileType = sourcecode.swift; path = StarsViewController.swift; sourceTree = "<group>"; };
		3396D3FF21E7978F00E5A057 /* AboutViewController.swift */ = {isa = PBXFileReference; lastKnownFileType = sourcecode.swift; path = AboutViewController.swift; sourceTree = "<group>"; };
		3396D40321E7C20300E5A057 /* BlinkingLabel.swift */ = {isa = PBXFileReference; lastKnownFileType = sourcecode.swift; path = BlinkingLabel.swift; sourceTree = "<group>"; };
		33E335FE21E8187C004711FD /* StarsTableViewCell.swift */ = {isa = PBXFileReference; lastKnownFileType = sourcecode.swift; path = StarsTableViewCell.swift; sourceTree = "<group>"; };
		33E3360021E822BF004711FD /* TableViewCellSpacer.swift */ = {isa = PBXFileReference; lastKnownFileType = sourcecode.swift; path = TableViewCellSpacer.swift; sourceTree = "<group>"; };
		33FA782321E843FF000716E9 /* StarsDetailViewController.swift */ = {isa = PBXFileReference; lastKnownFileType = sourcecode.swift; path = StarsDetailViewController.swift; sourceTree = "<group>"; };
		9907840A456B465B2D348421 /* Pods-ShiningStarsTests.debug.xcconfig */ = {isa = PBXFileReference; includeInIndex = 1; lastKnownFileType = text.xcconfig; name = "Pods-ShiningStarsTests.debug.xcconfig"; path = "Pods/Target Support Files/Pods-ShiningStarsTests/Pods-ShiningStarsTests.debug.xcconfig"; sourceTree = "<group>"; };
		ADC114476985A86075C4D800 /* Pods_ShiningStarsUITests.framework */ = {isa = PBXFileReference; explicitFileType = wrapper.framework; includeInIndex = 0; path = Pods_ShiningStarsUITests.framework; sourceTree = BUILT_PRODUCTS_DIR; };
		C678D59DB62E4D8FE1796F3A /* Pods-ShiningStarsTests.release.xcconfig */ = {isa = PBXFileReference; includeInIndex = 1; lastKnownFileType = text.xcconfig; name = "Pods-ShiningStarsTests.release.xcconfig"; path = "Pods/Target Support Files/Pods-ShiningStarsTests/Pods-ShiningStarsTests.release.xcconfig"; sourceTree = "<group>"; };
		C8183FE5B4E8D5B4907A7DE4 /* Pods_ShiningStarsTests.framework */ = {isa = PBXFileReference; explicitFileType = wrapper.framework; includeInIndex = 0; path = Pods_ShiningStarsTests.framework; sourceTree = BUILT_PRODUCTS_DIR; };
		CAC02583B1CEFA9F3055922B /* Pods_ShiningStars.framework */ = {isa = PBXFileReference; explicitFileType = wrapper.framework; includeInIndex = 0; path = Pods_ShiningStars.framework; sourceTree = BUILT_PRODUCTS_DIR; };
		D23D92BD21A929A49C92190C /* Pods-ShiningStars.debug.xcconfig */ = {isa = PBXFileReference; includeInIndex = 1; lastKnownFileType = text.xcconfig; name = "Pods-ShiningStars.debug.xcconfig"; path = "Pods/Target Support Files/Pods-ShiningStars/Pods-ShiningStars.debug.xcconfig"; sourceTree = "<group>"; };
/* End PBXFileReference section */

/* Begin PBXFrameworksBuildPhase section */
		3396D3C021E7944300E5A057 /* Frameworks */ = {
			isa = PBXFrameworksBuildPhase;
			buildActionMask = 2147483647;
			files = (
				25DFF7FD22C10514007DE5DF /* WebKit.framework in Frameworks */,
				374B530B785B23F1E804E0E9 /* Pods_ShiningStars.framework in Frameworks */,
			);
			runOnlyForDeploymentPostprocessing = 0;
		};
		3396D3D721E7944400E5A057 /* Frameworks */ = {
			isa = PBXFrameworksBuildPhase;
			buildActionMask = 2147483647;
			files = (
				4D42DA15E489CBF34A7015EC /* Pods_ShiningStarsTests.framework in Frameworks */,
			);
			runOnlyForDeploymentPostprocessing = 0;
		};
		3396D3E221E7944400E5A057 /* Frameworks */ = {
			isa = PBXFrameworksBuildPhase;
			buildActionMask = 2147483647;
			files = (
				E900E8838E71A51944ABB036 /* Pods_ShiningStarsUITests.framework in Frameworks */,
			);
			runOnlyForDeploymentPostprocessing = 0;
		};
/* End PBXFrameworksBuildPhase section */

/* Begin PBXGroup section */
		252238BC22287027005465F8 /* Model */ = {
			isa = PBXGroup;
			children = (
				252238BD22287034005465F8 /* Star.swift */,
			);
			path = Model;
			sourceTree = "<group>";
		};
		253402A7222D786F00C18D17 /* Colors */ = {
			isa = PBXGroup;
			children = (
				253402A8222D787A00C18D17 /* Colors.swift */,
			);
			path = Colors;
			sourceTree = "<group>";
		};
		25C6BAE3222B296400A65401 /* View */ = {
			isa = PBXGroup;
			children = (
				25C6BAE4222B297400A65401 /* MediaViewController.swift */,
			);
			name = View;
			path = ShiningStars/Media/View;
			sourceTree = "<group>";
		};
		25C6BAE6222B2C5400A65401 /* Cell */ = {
			isa = PBXGroup;
			children = (
				25C6BAE7222B2C6D00A65401 /* MediaTableViewCell.swift */,
			);
			path = Cell;
			sourceTree = "<group>";
		};
		25C6BAE9222B331100A65401 /* Onboarding */ = {
			isa = PBXGroup;
			children = (
				25C6BAEA222B332000A65401 /* View */,
			);
			path = Onboarding;
			sourceTree = "<group>";
		};
		25C6BAEA222B332000A65401 /* View */ = {
			isa = PBXGroup;
			children = (
				25C6BAEB222B335700A65401 /* OnboardingViewController.swift */,
			);
			path = View;
			sourceTree = "<group>";
		};
		33131F2F21E7E53A005DD5B8 /* Data */ = {
			isa = PBXGroup;
			children = (
				33131F3021E7E548005DD5B8 /* Stars.swift */,
			);
			path = Data;
			sourceTree = "<group>";
		};
		3396D3BA21E7944300E5A057 = {
			isa = PBXGroup;
			children = (
				3396D3C521E7944300E5A057 /* ShiningStars */,
				3396D3DD21E7944400E5A057 /* ShiningStarsTests */,
				3396D3E821E7944400E5A057 /* ShiningStarsUITests */,
				3396D3C421E7944300E5A057 /* Products */,
				B650152E2A90D07EC48F8AF3 /* Pods */,
				FDC9F1EAC207E0A67796F6E5 /* Frameworks */,
			);
			sourceTree = "<group>";
		};
		3396D3C421E7944300E5A057 /* Products */ = {
			isa = PBXGroup;
			children = (
				3396D3C321E7944300E5A057 /* ShiningStars.app */,
				3396D3DA21E7944400E5A057 /* ShiningStarsTests.xctest */,
				3396D3E521E7944400E5A057 /* ShiningStarsUITests.xctest */,
			);
			name = Products;
			sourceTree = "<group>";
		};
		3396D3C521E7944300E5A057 /* ShiningStars */ = {
			isa = PBXGroup;
			children = (
				25C6BAE9222B331100A65401 /* Onboarding */,
				3396D40121E7C1E600E5A057 /* Resources */,
				3396D3FD21E7977B00E5A057 /* About */,
				3396D3FC21E7977600E5A057 /* Media */,
				3396D3F721E795EF00E5A057 /* Stars */,
				3396D3C621E7944300E5A057 /* AppDelegate.swift */,
				3396D3CA21E7944300E5A057 /* Main.storyboard */,
				3396D3D021E7944400E5A057 /* Assets.xcassets */,
				3396D3D221E7944400E5A057 /* LaunchScreen.storyboard */,
				3396D3D521E7944400E5A057 /* Info.plist */,
				3396D3CD21E7944300E5A057 /* ShiningStars.xcdatamodeld */,
			);
			path = ShiningStars;
			sourceTree = "<group>";
		};
		3396D3DD21E7944400E5A057 /* ShiningStarsTests */ = {
			isa = PBXGroup;
			children = (
				3396D3DE21E7944400E5A057 /* ShiningStarsTests.swift */,
				3396D3E021E7944400E5A057 /* Info.plist */,
			);
			path = ShiningStarsTests;
			sourceTree = "<group>";
		};
		3396D3E821E7944400E5A057 /* ShiningStarsUITests */ = {
			isa = PBXGroup;
			children = (
				3396D3E921E7944400E5A057 /* ShiningStarsUITests.swift */,
				3396D3EB21E7944400E5A057 /* Info.plist */,
			);
			path = ShiningStarsUITests;
			sourceTree = "<group>";
		};
		3396D3F721E795EF00E5A057 /* Stars */ = {
			isa = PBXGroup;
			children = (
				252238BC22287027005465F8 /* Model */,
				33E335FD21E8185E004711FD /* Cell */,
				3396D3F821E795F800E5A057 /* View */,
			);
			path = Stars;
			sourceTree = "<group>";
		};
		3396D3F821E795F800E5A057 /* View */ = {
			isa = PBXGroup;
			children = (
				3396D3F921E7961600E5A057 /* StarsViewController.swift */,
				33FA782321E843FF000716E9 /* StarsDetailViewController.swift */,
			);
			path = View;
			sourceTree = "<group>";
		};
		3396D3FC21E7977600E5A057 /* Media */ = {
			isa = PBXGroup;
			children = (
				25C6BAE6222B2C5400A65401 /* Cell */,
				25C6BAE3222B296400A65401 /* View */,
			);
			path = Media;
			sourceTree = "<group>";
		};
		3396D3FD21E7977B00E5A057 /* About */ = {
			isa = PBXGroup;
			children = (
				3396D3FE21E7978000E5A057 /* View */,
			);
			path = About;
			sourceTree = "<group>";
		};
		3396D3FE21E7978000E5A057 /* View */ = {
			isa = PBXGroup;
			children = (
				3396D3FF21E7978F00E5A057 /* AboutViewController.swift */,
				25D66349222DE3F500053C9A /* ProgramViewController.swift */,
			);
			path = View;
			sourceTree = "<group>";
		};
		3396D40121E7C1E600E5A057 /* Resources */ = {
			isa = PBXGroup;
			children = (
				253402A7222D786F00C18D17 /* Colors */,
				33131F2F21E7E53A005DD5B8 /* Data */,
				3396D40221E7C1F100E5A057 /* UIElements */,
			);
			path = Resources;
			sourceTree = "<group>";
		};
		3396D40221E7C1F100E5A057 /* UIElements */ = {
			isa = PBXGroup;
			children = (
				3396D40321E7C20300E5A057 /* BlinkingLabel.swift */,
				33E3360021E822BF004711FD /* TableViewCellSpacer.swift */,
				253402A5222D77F400C18D17 /* Buttons.swift */,
			);
			path = UIElements;
			sourceTree = "<group>";
		};
		33E335FD21E8185E004711FD /* Cell */ = {
			isa = PBXGroup;
			children = (
				33E335FE21E8187C004711FD /* StarsTableViewCell.swift */,
			);
			path = Cell;
			sourceTree = "<group>";
		};
		B650152E2A90D07EC48F8AF3 /* Pods */ = {
			isa = PBXGroup;
			children = (
				D23D92BD21A929A49C92190C /* Pods-ShiningStars.debug.xcconfig */,
				093CF8753D1E9B1BDAE7F8AF /* Pods-ShiningStars.release.xcconfig */,
				9907840A456B465B2D348421 /* Pods-ShiningStarsTests.debug.xcconfig */,
				C678D59DB62E4D8FE1796F3A /* Pods-ShiningStarsTests.release.xcconfig */,
				2E4E68BE5257CC15AD71EE97 /* Pods-ShiningStarsUITests.debug.xcconfig */,
				30C9A50D161E18924E41B970 /* Pods-ShiningStarsUITests.release.xcconfig */,
			);
			name = Pods;
			sourceTree = "<group>";
		};
		FDC9F1EAC207E0A67796F6E5 /* Frameworks */ = {
			isa = PBXGroup;
			children = (
				25DFF7FC22C10514007DE5DF /* WebKit.framework */,
				CAC02583B1CEFA9F3055922B /* Pods_ShiningStars.framework */,
				C8183FE5B4E8D5B4907A7DE4 /* Pods_ShiningStarsTests.framework */,
				ADC114476985A86075C4D800 /* Pods_ShiningStarsUITests.framework */,
			);
			name = Frameworks;
			sourceTree = "<group>";
		};
/* End PBXGroup section */

/* Begin PBXNativeTarget section */
		3396D3C221E7944300E5A057 /* ShiningStars */ = {
			isa = PBXNativeTarget;
			buildConfigurationList = 3396D3EE21E7944400E5A057 /* Build configuration list for PBXNativeTarget "ShiningStars" */;
			buildPhases = (
				109604D2492FA88420C0CA1E /* [CP] Check Pods Manifest.lock */,
				3396D3BF21E7944300E5A057 /* Sources */,
				3396D3C021E7944300E5A057 /* Frameworks */,
				3396D3C121E7944300E5A057 /* Resources */,
				A603C074D134264452E969FE /* [CP] Embed Pods Frameworks */,
			);
			buildRules = (
			);
			dependencies = (
			);
			name = ShiningStars;
			productName = ShiningStars;
			productReference = 3396D3C321E7944300E5A057 /* ShiningStars.app */;
			productType = "com.apple.product-type.application";
		};
		3396D3D921E7944400E5A057 /* ShiningStarsTests */ = {
			isa = PBXNativeTarget;
			buildConfigurationList = 3396D3F121E7944400E5A057 /* Build configuration list for PBXNativeTarget "ShiningStarsTests" */;
			buildPhases = (
				7204D4204B4E0AF25C1BCC27 /* [CP] Check Pods Manifest.lock */,
				3396D3D621E7944400E5A057 /* Sources */,
				3396D3D721E7944400E5A057 /* Frameworks */,
				3396D3D821E7944400E5A057 /* Resources */,
			);
			buildRules = (
			);
			dependencies = (
				3396D3DC21E7944400E5A057 /* PBXTargetDependency */,
			);
			name = ShiningStarsTests;
			productName = ShiningStarsTests;
			productReference = 3396D3DA21E7944400E5A057 /* ShiningStarsTests.xctest */;
			productType = "com.apple.product-type.bundle.unit-test";
		};
		3396D3E421E7944400E5A057 /* ShiningStarsUITests */ = {
			isa = PBXNativeTarget;
			buildConfigurationList = 3396D3F421E7944400E5A057 /* Build configuration list for PBXNativeTarget "ShiningStarsUITests" */;
			buildPhases = (
				2450ABAAE14586CF21CD1D87 /* [CP] Check Pods Manifest.lock */,
				3396D3E121E7944400E5A057 /* Sources */,
				3396D3E221E7944400E5A057 /* Frameworks */,
				3396D3E321E7944400E5A057 /* Resources */,
			);
			buildRules = (
			);
			dependencies = (
				3396D3E721E7944400E5A057 /* PBXTargetDependency */,
			);
			name = ShiningStarsUITests;
			productName = ShiningStarsUITests;
			productReference = 3396D3E521E7944400E5A057 /* ShiningStarsUITests.xctest */;
			productType = "com.apple.product-type.bundle.ui-testing";
		};
/* End PBXNativeTarget section */

/* Begin PBXProject section */
		3396D3BB21E7944300E5A057 /* Project object */ = {
			isa = PBXProject;
			attributes = {
				LastSwiftUpdateCheck = 1010;
				LastUpgradeCheck = 1010;
				ORGANIZATIONNAME = "Jal Irani";
				TargetAttributes = {
					3396D3C221E7944300E5A057 = {
						CreatedOnToolsVersion = 10.1;
					};
					3396D3D921E7944400E5A057 = {
						CreatedOnToolsVersion = 10.1;
						TestTargetID = 3396D3C221E7944300E5A057;
					};
					3396D3E421E7944400E5A057 = {
						CreatedOnToolsVersion = 10.1;
						TestTargetID = 3396D3C221E7944300E5A057;
					};
				};
			};
			buildConfigurationList = 3396D3BE21E7944300E5A057 /* Build configuration list for PBXProject "ShiningStars" */;
			compatibilityVersion = "Xcode 9.3";
			developmentRegion = en;
			hasScannedForEncodings = 0;
			knownRegions = (
				en,
				Base,
			);
			mainGroup = 3396D3BA21E7944300E5A057;
			productRefGroup = 3396D3C421E7944300E5A057 /* Products */;
			projectDirPath = "";
			projectRoot = "";
			targets = (
				3396D3C221E7944300E5A057 /* ShiningStars */,
				3396D3D921E7944400E5A057 /* ShiningStarsTests */,
				3396D3E421E7944400E5A057 /* ShiningStarsUITests */,
			);
		};
/* End PBXProject section */

/* Begin PBXResourcesBuildPhase section */
		3396D3C121E7944300E5A057 /* Resources */ = {
			isa = PBXResourcesBuildPhase;
			buildActionMask = 2147483647;
			files = (
				3396D3D421E7944400E5A057 /* LaunchScreen.storyboard in Resources */,
				3396D3D121E7944400E5A057 /* Assets.xcassets in Resources */,
				3396D3CC21E7944300E5A057 /* Main.storyboard in Resources */,
			);
			runOnlyForDeploymentPostprocessing = 0;
		};
		3396D3D821E7944400E5A057 /* Resources */ = {
			isa = PBXResourcesBuildPhase;
			buildActionMask = 2147483647;
			files = (
			);
			runOnlyForDeploymentPostprocessing = 0;
		};
		3396D3E321E7944400E5A057 /* Resources */ = {
			isa = PBXResourcesBuildPhase;
			buildActionMask = 2147483647;
			files = (
			);
			runOnlyForDeploymentPostprocessing = 0;
		};
/* End PBXResourcesBuildPhase section */

/* Begin PBXShellScriptBuildPhase section */
		109604D2492FA88420C0CA1E /* [CP] Check Pods Manifest.lock */ = {
			isa = PBXShellScriptBuildPhase;
			buildActionMask = 2147483647;
			files = (
			);
			inputFileListPaths = (
			);
			inputPaths = (
				"${PODS_PODFILE_DIR_PATH}/Podfile.lock",
				"${PODS_ROOT}/Manifest.lock",
			);
			name = "[CP] Check Pods Manifest.lock";
			outputFileListPaths = (
			);
			outputPaths = (
				"$(DERIVED_FILE_DIR)/Pods-ShiningStars-checkManifestLockResult.txt",
			);
			runOnlyForDeploymentPostprocessing = 0;
			shellPath = /bin/sh;
			shellScript = "diff \"${PODS_PODFILE_DIR_PATH}/Podfile.lock\" \"${PODS_ROOT}/Manifest.lock\" > /dev/null\nif [ $? != 0 ] ; then\n    # print error to STDERR\n    echo \"error: The sandbox is not in sync with the Podfile.lock. Run 'pod install' or update your CocoaPods installation.\" >&2\n    exit 1\nfi\n# This output is used by Xcode 'outputs' to avoid re-running this script phase.\necho \"SUCCESS\" > \"${SCRIPT_OUTPUT_FILE_0}\"\n";
			showEnvVarsInLog = 0;
		};
		2450ABAAE14586CF21CD1D87 /* [CP] Check Pods Manifest.lock */ = {
			isa = PBXShellScriptBuildPhase;
			buildActionMask = 2147483647;
			files = (
			);
			inputFileListPaths = (
			);
			inputPaths = (
				"${PODS_PODFILE_DIR_PATH}/Podfile.lock",
				"${PODS_ROOT}/Manifest.lock",
			);
			name = "[CP] Check Pods Manifest.lock";
			outputFileListPaths = (
			);
			outputPaths = (
				"$(DERIVED_FILE_DIR)/Pods-ShiningStarsUITests-checkManifestLockResult.txt",
			);
			runOnlyForDeploymentPostprocessing = 0;
			shellPath = /bin/sh;
			shellScript = "diff \"${PODS_PODFILE_DIR_PATH}/Podfile.lock\" \"${PODS_ROOT}/Manifest.lock\" > /dev/null\nif [ $? != 0 ] ; then\n    # print error to STDERR\n    echo \"error: The sandbox is not in sync with the Podfile.lock. Run 'pod install' or update your CocoaPods installation.\" >&2\n    exit 1\nfi\n# This output is used by Xcode 'outputs' to avoid re-running this script phase.\necho \"SUCCESS\" > \"${SCRIPT_OUTPUT_FILE_0}\"\n";
			showEnvVarsInLog = 0;
		};
		7204D4204B4E0AF25C1BCC27 /* [CP] Check Pods Manifest.lock */ = {
			isa = PBXShellScriptBuildPhase;
			buildActionMask = 2147483647;
			files = (
			);
			inputFileListPaths = (
			);
			inputPaths = (
				"${PODS_PODFILE_DIR_PATH}/Podfile.lock",
				"${PODS_ROOT}/Manifest.lock",
			);
			name = "[CP] Check Pods Manifest.lock";
			outputFileListPaths = (
			);
			outputPaths = (
				"$(DERIVED_FILE_DIR)/Pods-ShiningStarsTests-checkManifestLockResult.txt",
			);
			runOnlyForDeploymentPostprocessing = 0;
			shellPath = /bin/sh;
			shellScript = "diff \"${PODS_PODFILE_DIR_PATH}/Podfile.lock\" \"${PODS_ROOT}/Manifest.lock\" > /dev/null\nif [ $? != 0 ] ; then\n    # print error to STDERR\n    echo \"error: The sandbox is not in sync with the Podfile.lock. Run 'pod install' or update your CocoaPods installation.\" >&2\n    exit 1\nfi\n# This output is used by Xcode 'outputs' to avoid re-running this script phase.\necho \"SUCCESS\" > \"${SCRIPT_OUTPUT_FILE_0}\"\n";
			showEnvVarsInLog = 0;
		};
		A603C074D134264452E969FE /* [CP] Embed Pods Frameworks */ = {
			isa = PBXShellScriptBuildPhase;
			buildActionMask = 2147483647;
			files = (
			);
			inputFileListPaths = (
			);
			inputPaths = (
				"${PODS_ROOT}/Target Support Files/Pods-ShiningStars/Pods-ShiningStars-frameworks.sh",
				"${BUILT_PRODUCTS_DIR}/Alamofire/Alamofire.framework",
				"${BUILT_PRODUCTS_DIR}/INSPhotoGallery/INSPhotoGallery.framework",
				"${BUILT_PRODUCTS_DIR}/SwiftVideoBackground/SwiftVideoBackground.framework",
			);
			name = "[CP] Embed Pods Frameworks";
			outputFileListPaths = (
			);
			outputPaths = (
				"${TARGET_BUILD_DIR}/${FRAMEWORKS_FOLDER_PATH}/Alamofire.framework",
				"${TARGET_BUILD_DIR}/${FRAMEWORKS_FOLDER_PATH}/INSPhotoGallery.framework",
				"${TARGET_BUILD_DIR}/${FRAMEWORKS_FOLDER_PATH}/SwiftVideoBackground.framework",
			);
			runOnlyForDeploymentPostprocessing = 0;
			shellPath = /bin/sh;
			shellScript = "\"${PODS_ROOT}/Target Support Files/Pods-ShiningStars/Pods-ShiningStars-frameworks.sh\"\n";
			showEnvVarsInLog = 0;
		};
/* End PBXShellScriptBuildPhase section */

/* Begin PBXSourcesBuildPhase section */
		3396D3BF21E7944300E5A057 /* Sources */ = {
			isa = PBXSourcesBuildPhase;
			buildActionMask = 2147483647;
			files = (
				25C6BAEC222B335700A65401 /* OnboardingViewController.swift in Sources */,
				253402A9222D787A00C18D17 /* Colors.swift in Sources */,
				3396D3CF21E7944300E5A057 /* ShiningStars.xcdatamodeld in Sources */,
				33FA782421E843FF000716E9 /* StarsDetailViewController.swift in Sources */,
				252238BE22287034005465F8 /* Star.swift in Sources */,
				3396D40421E7C20300E5A057 /* BlinkingLabel.swift in Sources */,
				33E335FF21E8187C004711FD /* StarsTableViewCell.swift in Sources */,
				3396D3C721E7944300E5A057 /* AppDelegate.swift in Sources */,
				253402A6222D77F400C18D17 /* Buttons.swift in Sources */,
				33E3360121E822BF004711FD /* TableViewCellSpacer.swift in Sources */,
				33131F3121E7E548005DD5B8 /* Stars.swift in Sources */,
				3396D40021E7978F00E5A057 /* AboutViewController.swift in Sources */,
				25C6BAE5222B297400A65401 /* MediaViewController.swift in Sources */,
				25D6634A222DE3F500053C9A /* ProgramViewController.swift in Sources */,
				25C6BAE8222B2C6D00A65401 /* MediaTableViewCell.swift in Sources */,
				3396D3FA21E7961600E5A057 /* StarsViewController.swift in Sources */,
			);
			runOnlyForDeploymentPostprocessing = 0;
		};
		3396D3D621E7944400E5A057 /* Sources */ = {
			isa = PBXSourcesBuildPhase;
			buildActionMask = 2147483647;
			files = (
				3396D3DF21E7944400E5A057 /* ShiningStarsTests.swift in Sources */,
			);
			runOnlyForDeploymentPostprocessing = 0;
		};
		3396D3E121E7944400E5A057 /* Sources */ = {
			isa = PBXSourcesBuildPhase;
			buildActionMask = 2147483647;
			files = (
				3396D3EA21E7944400E5A057 /* ShiningStarsUITests.swift in Sources */,
			);
			runOnlyForDeploymentPostprocessing = 0;
		};
/* End PBXSourcesBuildPhase section */

/* Begin PBXTargetDependency section */
		3396D3DC21E7944400E5A057 /* PBXTargetDependency */ = {
			isa = PBXTargetDependency;
			target = 3396D3C221E7944300E5A057 /* ShiningStars */;
			targetProxy = 3396D3DB21E7944400E5A057 /* PBXContainerItemProxy */;
		};
		3396D3E721E7944400E5A057 /* PBXTargetDependency */ = {
			isa = PBXTargetDependency;
			target = 3396D3C221E7944300E5A057 /* ShiningStars */;
			targetProxy = 3396D3E621E7944400E5A057 /* PBXContainerItemProxy */;
		};
/* End PBXTargetDependency section */

/* Begin PBXVariantGroup section */
		3396D3CA21E7944300E5A057 /* Main.storyboard */ = {
			isa = PBXVariantGroup;
			children = (
				3396D3CB21E7944300E5A057 /* Base */,
			);
			name = Main.storyboard;
			sourceTree = "<group>";
		};
		3396D3D221E7944400E5A057 /* LaunchScreen.storyboard */ = {
			isa = PBXVariantGroup;
			children = (
				3396D3D321E7944400E5A057 /* Base */,
			);
			name = LaunchScreen.storyboard;
			sourceTree = "<group>";
		};
/* End PBXVariantGroup section */

/* Begin XCBuildConfiguration section */
		3396D3EC21E7944400E5A057 /* Debug */ = {
			isa = XCBuildConfiguration;
			buildSettings = {
				ALWAYS_SEARCH_USER_PATHS = NO;
				CLANG_ANALYZER_NONNULL = YES;
				CLANG_ANALYZER_NUMBER_OBJECT_CONVERSION = YES_AGGRESSIVE;
				CLANG_CXX_LANGUAGE_STANDARD = "gnu++14";
				CLANG_CXX_LIBRARY = "libc++";
				CLANG_ENABLE_MODULES = YES;
				CLANG_ENABLE_OBJC_ARC = YES;
				CLANG_ENABLE_OBJC_WEAK = YES;
				CLANG_WARN_BLOCK_CAPTURE_AUTORELEASING = YES;
				CLANG_WARN_BOOL_CONVERSION = YES;
				CLANG_WARN_COMMA = YES;
				CLANG_WARN_CONSTANT_CONVERSION = YES;
				CLANG_WARN_DEPRECATED_OBJC_IMPLEMENTATIONS = YES;
				CLANG_WARN_DIRECT_OBJC_ISA_USAGE = YES_ERROR;
				CLANG_WARN_DOCUMENTATION_COMMENTS = YES;
				CLANG_WARN_EMPTY_BODY = YES;
				CLANG_WARN_ENUM_CONVERSION = YES;
				CLANG_WARN_INFINITE_RECURSION = YES;
				CLANG_WARN_INT_CONVERSION = YES;
				CLANG_WARN_NON_LITERAL_NULL_CONVERSION = YES;
				CLANG_WARN_OBJC_IMPLICIT_RETAIN_SELF = YES;
				CLANG_WARN_OBJC_LITERAL_CONVERSION = YES;
				CLANG_WARN_OBJC_ROOT_CLASS = YES_ERROR;
				CLANG_WARN_RANGE_LOOP_ANALYSIS = YES;
				CLANG_WARN_STRICT_PROTOTYPES = YES;
				CLANG_WARN_SUSPICIOUS_MOVE = YES;
				CLANG_WARN_UNGUARDED_AVAILABILITY = YES_AGGRESSIVE;
				CLANG_WARN_UNREACHABLE_CODE = YES;
				CLANG_WARN__DUPLICATE_METHOD_MATCH = YES;
				CODE_SIGN_IDENTITY = "iPhone Developer";
				COPY_PHASE_STRIP = NO;
				DEBUG_INFORMATION_FORMAT = dwarf;
				ENABLE_STRICT_OBJC_MSGSEND = YES;
				ENABLE_TESTABILITY = YES;
				GCC_C_LANGUAGE_STANDARD = gnu11;
				GCC_DYNAMIC_NO_PIC = NO;
				GCC_NO_COMMON_BLOCKS = YES;
				GCC_OPTIMIZATION_LEVEL = 0;
				GCC_PREPROCESSOR_DEFINITIONS = (
					"DEBUG=1",
					"$(inherited)",
				);
				GCC_WARN_64_TO_32_BIT_CONVERSION = YES;
				GCC_WARN_ABOUT_RETURN_TYPE = YES_ERROR;
				GCC_WARN_UNDECLARED_SELECTOR = YES;
				GCC_WARN_UNINITIALIZED_AUTOS = YES_AGGRESSIVE;
				GCC_WARN_UNUSED_FUNCTION = YES;
				GCC_WARN_UNUSED_VARIABLE = YES;
				IPHONEOS_DEPLOYMENT_TARGET = 12.1;
				MTL_ENABLE_DEBUG_INFO = INCLUDE_SOURCE;
				MTL_FAST_MATH = YES;
				ONLY_ACTIVE_ARCH = YES;
				SDKROOT = iphoneos;
				SWIFT_ACTIVE_COMPILATION_CONDITIONS = DEBUG;
				SWIFT_OPTIMIZATION_LEVEL = "-Onone";
			};
			name = Debug;
		};
		3396D3ED21E7944400E5A057 /* Release */ = {
			isa = XCBuildConfiguration;
			buildSettings = {
				ALWAYS_SEARCH_USER_PATHS = NO;
				CLANG_ANALYZER_NONNULL = YES;
				CLANG_ANALYZER_NUMBER_OBJECT_CONVERSION = YES_AGGRESSIVE;
				CLANG_CXX_LANGUAGE_STANDARD = "gnu++14";
				CLANG_CXX_LIBRARY = "libc++";
				CLANG_ENABLE_MODULES = YES;
				CLANG_ENABLE_OBJC_ARC = YES;
				CLANG_ENABLE_OBJC_WEAK = YES;
				CLANG_WARN_BLOCK_CAPTURE_AUTORELEASING = YES;
				CLANG_WARN_BOOL_CONVERSION = YES;
				CLANG_WARN_COMMA = YES;
				CLANG_WARN_CONSTANT_CONVERSION = YES;
				CLANG_WARN_DEPRECATED_OBJC_IMPLEMENTATIONS = YES;
				CLANG_WARN_DIRECT_OBJC_ISA_USAGE = YES_ERROR;
				CLANG_WARN_DOCUMENTATION_COMMENTS = YES;
				CLANG_WARN_EMPTY_BODY = YES;
				CLANG_WARN_ENUM_CONVERSION = YES;
				CLANG_WARN_INFINITE_RECURSION = YES;
				CLANG_WARN_INT_CONVERSION = YES;
				CLANG_WARN_NON_LITERAL_NULL_CONVERSION = YES;
				CLANG_WARN_OBJC_IMPLICIT_RETAIN_SELF = YES;
				CLANG_WARN_OBJC_LITERAL_CONVERSION = YES;
				CLANG_WARN_OBJC_ROOT_CLASS = YES_ERROR;
				CLANG_WARN_RANGE_LOOP_ANALYSIS = YES;
				CLANG_WARN_STRICT_PROTOTYPES = YES;
				CLANG_WARN_SUSPICIOUS_MOVE = YES;
				CLANG_WARN_UNGUARDED_AVAILABILITY = YES_AGGRESSIVE;
				CLANG_WARN_UNREACHABLE_CODE = YES;
				CLANG_WARN__DUPLICATE_METHOD_MATCH = YES;
				CODE_SIGN_IDENTITY = "iPhone Developer";
				COPY_PHASE_STRIP = NO;
				DEBUG_INFORMATION_FORMAT = "dwarf-with-dsym";
				ENABLE_NS_ASSERTIONS = NO;
				ENABLE_STRICT_OBJC_MSGSEND = YES;
				GCC_C_LANGUAGE_STANDARD = gnu11;
				GCC_NO_COMMON_BLOCKS = YES;
				GCC_WARN_64_TO_32_BIT_CONVERSION = YES;
				GCC_WARN_ABOUT_RETURN_TYPE = YES_ERROR;
				GCC_WARN_UNDECLARED_SELECTOR = YES;
				GCC_WARN_UNINITIALIZED_AUTOS = YES_AGGRESSIVE;
				GCC_WARN_UNUSED_FUNCTION = YES;
				GCC_WARN_UNUSED_VARIABLE = YES;
				IPHONEOS_DEPLOYMENT_TARGET = 12.1;
				MTL_ENABLE_DEBUG_INFO = NO;
				MTL_FAST_MATH = YES;
				SDKROOT = iphoneos;
				SWIFT_COMPILATION_MODE = wholemodule;
				SWIFT_OPTIMIZATION_LEVEL = "-O";
				VALIDATE_PRODUCT = YES;
			};
			name = Release;
		};
		3396D3EF21E7944400E5A057 /* Debug */ = {
			isa = XCBuildConfiguration;
			baseConfigurationReference = D23D92BD21A929A49C92190C /* Pods-ShiningStars.debug.xcconfig */;
			buildSettings = {
				ASSETCATALOG_COMPILER_APPICON_NAME = AppIcon;
				CODE_SIGN_STYLE = Automatic;
				INFOPLIST_FILE = ShiningStars/Info.plist;
				LD_RUNPATH_SEARCH_PATHS = (
					"$(inherited)",
					"@executable_path/Frameworks",
				);
				PRODUCT_BUNDLE_IDENTIFIER = JalIrani.ShiningStars;
				PRODUCT_NAME = "$(TARGET_NAME)";
				SWIFT_VERSION = 4.2;
				TARGETED_DEVICE_FAMILY = "1,2";
			};
			name = Debug;
		};
		3396D3F021E7944400E5A057 /* Release */ = {
			isa = XCBuildConfiguration;
			baseConfigurationReference = 093CF8753D1E9B1BDAE7F8AF /* Pods-ShiningStars.release.xcconfig */;
			buildSettings = {
				ASSETCATALOG_COMPILER_APPICON_NAME = AppIcon;
				CODE_SIGN_STYLE = Automatic;
				INFOPLIST_FILE = ShiningStars/Info.plist;
				LD_RUNPATH_SEARCH_PATHS = (
					"$(inherited)",
					"@executable_path/Frameworks",
				);
				PRODUCT_BUNDLE_IDENTIFIER = JalIrani.ShiningStars;
				PRODUCT_NAME = "$(TARGET_NAME)";
				SWIFT_VERSION = 4.2;
				TARGETED_DEVICE_FAMILY = "1,2";
			};
			name = Release;
		};
		3396D3F221E7944400E5A057 /* Debug */ = {
			isa = XCBuildConfiguration;
			baseConfigurationReference = 9907840A456B465B2D348421 /* Pods-ShiningStarsTests.debug.xcconfig */;
			buildSettings = {
				ALWAYS_EMBED_SWIFT_STANDARD_LIBRARIES = YES;
				BUNDLE_LOADER = "$(TEST_HOST)";
				CODE_SIGN_STYLE = Automatic;
				INFOPLIST_FILE = ShiningStarsTests/Info.plist;
				LD_RUNPATH_SEARCH_PATHS = (
					"$(inherited)",
					"@executable_path/Frameworks",
					"@loader_path/Frameworks",
				);
				PRODUCT_BUNDLE_IDENTIFIER = JalIrani.ShiningStarsTests;
				PRODUCT_NAME = "$(TARGET_NAME)";
				SWIFT_VERSION = 4.2;
				TARGETED_DEVICE_FAMILY = "1,2";
				TEST_HOST = "$(BUILT_PRODUCTS_DIR)/ShiningStars.app/ShiningStars";
			};
			name = Debug;
		};
		3396D3F321E7944400E5A057 /* Release */ = {
			isa = XCBuildConfiguration;
			baseConfigurationReference = C678D59DB62E4D8FE1796F3A /* Pods-ShiningStarsTests.release.xcconfig */;
			buildSettings = {
				ALWAYS_EMBED_SWIFT_STANDARD_LIBRARIES = YES;
				BUNDLE_LOADER = "$(TEST_HOST)";
				CODE_SIGN_STYLE = Automatic;
				INFOPLIST_FILE = ShiningStarsTests/Info.plist;
				LD_RUNPATH_SEARCH_PATHS = (
					"$(inherited)",
					"@executable_path/Frameworks",
					"@loader_path/Frameworks",
				);
				PRODUCT_BUNDLE_IDENTIFIER = JalIrani.ShiningStarsTests;
				PRODUCT_NAME = "$(TARGET_NAME)";
				SWIFT_VERSION = 4.2;
				TARGETED_DEVICE_FAMILY = "1,2";
				TEST_HOST = "$(BUILT_PRODUCTS_DIR)/ShiningStars.app/ShiningStars";
			};
			name = Release;
		};
		3396D3F521E7944400E5A057 /* Debug */ = {
			isa = XCBuildConfiguration;
			baseConfigurationReference = 2E4E68BE5257CC15AD71EE97 /* Pods-ShiningStarsUITests.debug.xcconfig */;
			buildSettings = {
				ALWAYS_EMBED_SWIFT_STANDARD_LIBRARIES = YES;
				CODE_SIGN_STYLE = Automatic;
				INFOPLIST_FILE = ShiningStarsUITests/Info.plist;
				LD_RUNPATH_SEARCH_PATHS = (
					"$(inherited)",
					"@executable_path/Frameworks",
					"@loader_path/Frameworks",
				);
				PRODUCT_BUNDLE_IDENTIFIER = JalIrani.ShiningStarsUITests;
				PRODUCT_NAME = "$(TARGET_NAME)";
				SWIFT_VERSION = 4.2;
				TARGETED_DEVICE_FAMILY = "1,2";
				TEST_TARGET_NAME = ShiningStars;
			};
			name = Debug;
		};
		3396D3F621E7944400E5A057 /* Release */ = {
			isa = XCBuildConfiguration;
			baseConfigurationReference = 30C9A50D161E18924E41B970 /* Pods-ShiningStarsUITests.release.xcconfig */;
			buildSettings = {
				ALWAYS_EMBED_SWIFT_STANDARD_LIBRARIES = YES;
				CODE_SIGN_STYLE = Automatic;
				INFOPLIST_FILE = ShiningStarsUITests/Info.plist;
				LD_RUNPATH_SEARCH_PATHS = (
					"$(inherited)",
					"@executable_path/Frameworks",
					"@loader_path/Frameworks",
				);
				PRODUCT_BUNDLE_IDENTIFIER = JalIrani.ShiningStarsUITests;
				PRODUCT_NAME = "$(TARGET_NAME)";
				SWIFT_VERSION = 4.2;
				TARGETED_DEVICE_FAMILY = "1,2";
				TEST_TARGET_NAME = ShiningStars;
			};
			name = Release;
		};
/* End XCBuildConfiguration section */

/* Begin XCConfigurationList section */
		3396D3BE21E7944300E5A057 /* Build configuration list for PBXProject "ShiningStars" */ = {
			isa = XCConfigurationList;
			buildConfigurations = (
				3396D3EC21E7944400E5A057 /* Debug */,
				3396D3ED21E7944400E5A057 /* Release */,
			);
			defaultConfigurationIsVisible = 0;
			defaultConfigurationName = Release;
		};
		3396D3EE21E7944400E5A057 /* Build configuration list for PBXNativeTarget "ShiningStars" */ = {
			isa = XCConfigurationList;
			buildConfigurations = (
				3396D3EF21E7944400E5A057 /* Debug */,
				3396D3F021E7944400E5A057 /* Release */,
			);
			defaultConfigurationIsVisible = 0;
			defaultConfigurationName = Release;
		};
		3396D3F121E7944400E5A057 /* Build configuration list for PBXNativeTarget "ShiningStarsTests" */ = {
			isa = XCConfigurationList;
			buildConfigurations = (
				3396D3F221E7944400E5A057 /* Debug */,
				3396D3F321E7944400E5A057 /* Release */,
			);
			defaultConfigurationIsVisible = 0;
			defaultConfigurationName = Release;
		};
		3396D3F421E7944400E5A057 /* Build configuration list for PBXNativeTarget "ShiningStarsUITests" */ = {
			isa = XCConfigurationList;
			buildConfigurations = (
				3396D3F521E7944400E5A057 /* Debug */,
				3396D3F621E7944400E5A057 /* Release */,
			);
			defaultConfigurationIsVisible = 0;
			defaultConfigurationName = Release;
		};
/* End XCConfigurationList section */

/* Begin XCVersionGroup section */
		3396D3CD21E7944300E5A057 /* ShiningStars.xcdatamodeld */ = {
			isa = XCVersionGroup;
			children = (
				3396D3CE21E7944300E5A057 /* ShiningStars.xcdatamodel */,
			);
			currentVersion = 3396D3CE21E7944300E5A057 /* ShiningStars.xcdatamodel */;
			path = ShiningStars.xcdatamodeld;
			sourceTree = "<group>";
			versionGroupType = wrapper.xcdatamodel;
		};
/* End XCVersionGroup section */
	};
	rootObject = 3396D3BB21E7944300E5A057 /* Project object */;
}
